
Microsoft Visual Studio Solution File, Format Version 12.00
# Visual Studio Version 17
VisualStudioVersion = 17.8.34330.188
MinimumVisualStudioVersion = 10.0.40219.1
Project("{9A19103F-16F7-4668-BE54-9A1E7A4F7556}") = "Css1", "Css1\Css1.csproj", "{C0A93603-C5D6-438A-BD99-D565526461DC}"
EndProject
Global
	GlobalSection(SolutionConfigurationPlatforms) = preSolution
		Debug|Any CPU = Debug|Any CPU
		Release|Any CPU = Release|Any CPU
	EndGlobalSection
	GlobalSection(ProjectConfigurationPlatforms) = postSolution
		{C0A93603-C5D6-438A-BD99-D565526461DC}.Debug|Any CPU.ActiveCfg = Debug|Any CPU
		{C0A93603-C5D6-438A-BD99-D565526461DC}.Debug|Any CPU.Build.0 = Debug|Any CPU
		{C0A93603-C5D6-438A-BD99-D565526461DC}.Release|Any CPU.ActiveCfg = Release|Any CPU
		{C0A93603-C5D6-438A-BD99-D565526461DC}.Release|Any CPU.Build.0 = Release|Any CPU
	EndGlobalSection
	GlobalSection(SolutionProperties) = preSolution
		HideSolutionNode = FALSE
	EndGlobalSection
	GlobalSection(ExtensibilityGlobals) = postSolution
		SolutionGuid = {4446C01C-3958-4A76-B46B-7F0C46BE8819}
	EndGlobalSection
EndGlobal
